# This file is generated by running "yarn install" inside your project.
# Manual changes might be lost - proceed with caution!

__metadata:
  version: 10
  cacheKey: 10c0

"@esbuild/aix-ppc64@npm:0.25.12":
  version: 0.25.12
  resolution: "@esbuild/aix-ppc64@npm:0.25.12"
  conditions: os=aix & cpu=ppc64
  languageName: node
  linkType: hard

"@esbuild/android-arm64@npm:0.25.12":
  version: 0.25.12
  resolution: "@esbuild/android-arm64@npm:0.25.12"
  conditions: os=android & cpu=arm64
  languageName: node
  linkType: hard

"@esbuild/android-arm@npm:0.25.12":
  version: 0.25.12
  resolution: "@esbuild/android-arm@npm:0.25.12"
  conditions: os=android & cpu=arm
  languageName: node
  linkType: hard

"@esbuild/android-x64@npm:0.25.12":
  version: 0.25.12
  resolution: "@esbuild/android-x64@npm:0.25.12"
  conditions: os=android & cpu=x64
  languageName: node
  linkType: hard

"@esbuild/darwin-arm64@npm:0.25.12":
  version: 0.25.12
  resolution: "@esbuild/darwin-arm64@npm:0.25.12"
  conditions: os=darwin & cpu=arm64
  languageName: node
  linkType: hard

"@esbuild/darwin-x64@npm:0.25.12":
  version: 0.25.12
  resolution: "@esbuild/darwin-x64@npm:0.25.12"
  conditions: os=darwin & cpu=x64
  languageName: node
  linkType: hard

"@esbuild/freebsd-arm64@npm:0.25.12":
  version: 0.25.12
  resolution: "@esbuild/freebsd-arm64@npm:0.25.12"
  conditions: os=freebsd & cpu=arm64
  languageName: node
  linkType: hard

"@esbuild/freebsd-x64@npm:0.25.12":
  version: 0.25.12
  resolution: "@esbuild/freebsd-x64@npm:0.25.12"
  conditions: os=freebsd & cpu=x64
  languageName: node
  linkType: hard

"@esbuild/linux-arm64@npm:0.25.12":
  version: 0.25.12
  resolution: "@esbuild/linux-arm64@npm:0.25.12"
  conditions: os=linux & cpu=arm64
  languageName: node
  linkType: hard

"@esbuild/linux-arm@npm:0.25.12":
  version: 0.25.12
  resolution: "@esbuild/linux-arm@npm:0.25.12"
  conditions: os=linux & cpu=arm
  languageName: node
  linkType: hard

"@esbuild/linux-ia32@npm:0.25.12":
  version: 0.25.12
  resolution: "@esbuild/linux-ia32@npm:0.25.12"
  conditions: os=linux & cpu=ia32
  languageName: node
  linkType: hard

"@esbuild/linux-loong64@npm:0.25.12":
  version: 0.25.12
  resolution: "@esbuild/linux-loong64@npm:0.25.12"
  conditions: os=linux & cpu=loong64
  languageName: node
  linkType: hard

"@esbuild/linux-mips64el@npm:0.25.12":
  version: 0.25.12
  resolution: "@esbuild/linux-mips64el@npm:0.25.12"
  conditions: os=linux & cpu=mips64el
  languageName: node
  linkType: hard

"@esbuild/linux-ppc64@npm:0.25.12":
  version: 0.25.12
  resolution: "@esbuild/linux-ppc64@npm:0.25.12"
  conditions: os=linux & cpu=ppc64
  languageName: node
  linkType: hard

"@esbuild/linux-riscv64@npm:0.25.12":
  version: 0.25.12
  resolution: "@esbuild/linux-riscv64@npm:0.25.12"
  conditions: os=linux & cpu=riscv64
  languageName: node
  linkType: hard

"@esbuild/linux-s390x@npm:0.25.12":
  version: 0.25.12
  resolution: "@esbuild/linux-s390x@npm:0.25.12"
  conditions: os=linux & cpu=s390x
  languageName: node
  linkType: hard

"@esbuild/linux-x64@npm:0.25.12":
  version: 0.25.12
  resolution: "@esbuild/linux-x64@npm:0.25.12"
  conditions: os=linux & cpu=x64
  languageName: node
  linkType: hard

"@esbuild/netbsd-arm64@npm:0.25.12":
  version: 0.25.12
  resolution: "@esbuild/netbsd-arm64@npm:0.25.12"
  conditions: os=netbsd & cpu=arm64
  languageName: node
  linkType: hard

"@esbuild/netbsd-x64@npm:0.25.12":
  version: 0.25.12
  resolution: "@esbuild/netbsd-x64@npm:0.25.12"
  conditions: os=netbsd & cpu=x64
  languageName: node
  linkType: hard

"@esbuild/openbsd-arm64@npm:0.25.12":
  version: 0.25.12
  resolution: "@esbuild/openbsd-arm64@npm:0.25.12"
  conditions: os=openbsd & cpu=arm64
  languageName: node
  linkType: hard

"@esbuild/openbsd-x64@npm:0.25.12":
  version: 0.25.12
  resolution: "@esbuild/openbsd-x64@npm:0.25.12"
  conditions: os=openbsd & cpu=x64
  languageName: node
  linkType: hard

"@esbuild/openharmony-arm64@npm:0.25.12":
  version: 0.25.12
  resolution: "@esbuild/openharmony-arm64@npm:0.25.12"
  conditions: os=openharmony & cpu=arm64
  languageName: node
  linkType: hard

"@esbuild/sunos-x64@npm:0.25.12":
  version: 0.25.12
  resolution: "@esbuild/sunos-x64@npm:0.25.12"
  conditions: os=sunos & cpu=x64
  languageName: node
  linkType: hard

"@esbuild/win32-arm64@npm:0.25.12":
  version: 0.25.12
  resolution: "@esbuild/win32-arm64@npm:0.25.12"
  conditions: os=win32 & cpu=arm64
  languageName: node
  linkType: hard

"@esbuild/win32-ia32@npm:0.25.12":
  version: 0.25.12
  resolution: "@esbuild/win32-ia32@npm:0.25.12"
  conditions: os=win32 & cpu=ia32
  languageName: node
  linkType: hard

"@esbuild/win32-x64@npm:0.25.12":
  version: 0.25.12
  resolution: "@esbuild/win32-x64@npm:0.25.12"
  conditions: os=win32 & cpu=x64
  languageName: node
  linkType: hard

"@hotwired/stimulus@npm:^3.2.2":
  version: 3.2.2
  resolution: "@hotwired/stimulus@npm:3.2.2"
  checksum: 10c0/3793919e353d28424f57d07e6b634bf6e8821c227acfa2a608aaa8bdfe7e80479acef12705168ca866f3c231399f4a939fb0cd089aaae04c406b3d885a3b35ea
  languageName: node
  linkType: hard

"@hotwired/turbo-rails@npm:^8.0.23":
  version: 8.0.23
  resolution: "@hotwired/turbo-rails@npm:8.0.23"
  dependencies:
    "@hotwired/turbo": "npm:^8.0.23"
    "@rails/actioncable": "npm:>=7.0"
  checksum: 10c0/58f46b787674029bc70e7a8efd734036214258805686384c8969d360320c33886c90c4da3c08abee3dc9c3ec2672e9c088d9205a2fe1f8b5fee230ce23cfb188
  languageName: node
  linkType: hard

"@hotwired/turbo@npm:^8.0.23":
  version: 8.0.23
  resolution: "@hotwired/turbo@npm:8.0.23"
  checksum: 10c0/600ba4ba7632e27c3ed9e80a2114715df94302d3d3b72b0a70efcd7c31477b377228a7fad629eeb2e4b2d778bf65571b176fc76a6bc5603dfc814810c0a815d6
  languageName: node
  linkType: hard

"@kurkle/color@npm:^0.3.0":
  version: 0.3.4
  resolution: "@kurkle/color@npm:0.3.4"
  checksum: 10c0/0e9fd55c614b005c5f0c4c755bca19ec0293bc7513b4ea3ec1725234f9c2fa81afbc78156baf555c8b9cb0d305619253c3f5bca016067daeebb3d00ebb4ea683
  languageName: node
  linkType: hard

"@popperjs/core@npm:^2.11.8":
  version: 2.11.8
  resolution: "@popperjs/core@npm:2.11.8"
  checksum: 10c0/4681e682abc006d25eb380d0cf3efc7557043f53b6aea7a5057d0d1e7df849a00e281cd8ea79c902a35a414d7919621fc2ba293ecec05f413598e0b23d5a1e63
  languageName: node
  linkType: hard

"@rails/actioncable@npm:>=7.0":
  version: 8.1.300
  resolution: "@rails/actioncable@npm:8.1.300"
  checksum: 10c0/144e6cc6d83e5bc56287ecd3c989c494915f0bf8593eedf7cbf4c10741fa2a1f75e4bcf7963b3e14114a70563a1dd64272580f81ed707b5fbb7e3734a3f3a6a8
  languageName: node
  linkType: hard

"@rails/activestorage@npm:^8.0.200":
  version: 8.1.300
  resolution: "@rails/activestorage@npm:8.1.300"
  dependencies:
    spark-md5: "npm:^3.0.1"
  checksum: 10c0/eacb07a0bccc98c4586cc34d933e481dd8c0c6c3be155816ea5bd8c1e805c78f4bbb8ad65920760888d881a3aa0d2dd9036b50299cc3d1036ce6b4571387a1fa
  languageName: node
  linkType: hard

"application_portfolio@workspace:.":
  version: 0.0.0-use.local
  resolution: "application_portfolio@workspace:."
  dependencies:
    "@hotwired/stimulus": "npm:^3.2.2"
    "@hotwired/turbo-rails": "npm:^8.0.23"
    "@popperjs/core": "npm:^2.11.8"
    "@rails/activestorage": "npm:^8.0.200"
    bootstrap: "npm:^5.3.3"
    chart.js: "npm:^4.4.8"
    chartkick: "npm:^5.0.1"
    esbuild: "npm:^0.25.0"
  languageName: unknown
  linkType: soft

"bootstrap@npm:^5.3.3":
  version: 5.3.8
  resolution: "bootstrap@npm:5.3.8"
  peerDependencies:
    "@popperjs/core": ^2.11.8
  checksum: 10c0/0039a9df2c3e7bfa04f1abca199c299ff3b75869d578c0cb1721c6f1f203c91531788a5631ecbee01513481979314d0e4ba0d90c2011e6ce18fc2e0bc93e18d9
  languageName: node
  linkType: hard

"chart.js@npm:4, chart.js@npm:^4.4.8":
  version: 4.5.1
  resolution: "chart.js@npm:4.5.1"
  dependencies:
    "@kurkle/color": "npm:^0.3.0"
  checksum: 10c0/3f2a11dcaae9079e8e6b8ad077e2ae311f04996f9da14815730891e66215ee8b5f2c0eb70b5a156e5bde0f89a41bae13506dc6153e50fd22dcb282b21eec706f
  languageName: node
  linkType: hard

"chartjs-adapter-date-fns@npm:>=3":
  version: 3.0.0
  resolution: "chartjs-adapter-date-fns@npm:3.0.0"
  peerDependencies:
    chart.js: ">=2.8.0"
    date-fns: ">=2.0.0"
  checksum: 10c0/bc785632da9e6253a969c84f5d382e39944246de8410285f060d6715b3ed681cee80142bb2c410329b4c21094efc6d54f9c289200463dce865f736a01a76de4b
  languageName: node
  linkType: hard

"chartkick@npm:^5.0.1":
  version: 5.0.1
  resolution: "chartkick@npm:5.0.1"
  dependencies:
    chart.js: "npm:4"
    chartjs-adapter-date-fns: "npm:>=3"
    date-fns: "npm:>=2"
  dependenciesMeta:
    chart.js:
      optional: true
    chartjs-adapter-date-fns:
      optional: true
    date-fns:
      optional: true
  checksum: 10c0/7bd835b8c418e30870d52d7fd1e5623c08ddb16d9ab5fe055c693f2d88af633e92674bb308c4e572f2d05354faf8d59fe219256805233f84e12ba790fa331246
  languageName: node
  linkType: hard

"date-fns@npm:>=2":
  version: 4.4.0
  resolution: "date-fns@npm:4.4.0"
  checksum: 10c0/988f0a13db183f5dfc85c36bbb6847a9c135a9225888bbea4005876ec15539a8613c21a07370a4e7ea543918d5a1cafb423c528b42cdbbde5fdfddb178126b21
  languageName: node
  linkType: hard

"esbuild@npm:^0.25.0":
  version: 0.25.12
  resolution: "esbuild@npm:0.25.12"
  dependencies:
    "@esbuild/aix-ppc64": "npm:0.25.12"
    "@esbuild/android-arm": "npm:0.25.12"
    "@esbuild/android-arm64": "npm:0.25.12"
    "@esbuild/android-x64": "npm:0.25.12"
    "@esbuild/darwin-arm64": "npm:0.25.12"
    "@esbuild/darwin-x64": "npm:0.25.12"
    "@esbuild/freebsd-arm64": "npm:0.25.12"
    "@esbuild/freebsd-x64": "npm:0.25.12"
    "@esbuild/linux-arm": "npm:0.25.12"
    "@esbuild/linux-arm64": "npm:0.25.12"
    "@esbuild/linux-ia32": "npm:0.25.12"
    "@esbuild/linux-loong64": "npm:0.25.12"
    "@esbuild/linux-mips64el": "npm:0.25.12"
    "@esbuild/linux-ppc64": "npm:0.25.12"
    "@esbuild/linux-riscv64": "npm:0.25.12"
    "@esbuild/linux-s390x": "npm:0.25.12"
    "@esbuild/linux-x64": "npm:0.25.12"
    "@esbuild/netbsd-arm64": "npm:0.25.12"
    "@esbuild/netbsd-x64": "npm:0.25.12"
    "@esbuild/openbsd-arm64": "npm:0.25.12"
    "@esbuild/openbsd-x64": "npm:0.25.12"
    "@esbuild/openharmony-arm64": "npm:0.25.12"
    "@esbuild/sunos-x64": "npm:0.25.12"
    "@esbuild/win32-arm64": "npm:0.25.12"
    "@esbuild/win32-ia32": "npm:0.25.12"
    "@esbuild/win32-x64": "npm:0.25.12"
  dependenciesMeta:
    "@esbuild/aix-ppc64":
      optional: true
    "@esbuild/android-arm":
      optional: true
    "@esbuild/android-arm64":
      optional: true
    "@esbuild/android-x64":
      optional: true
    "@esbuild/darwin-arm64":
      optional: true
    "@esbuild/darwin-x64":
      optional: true
    "@esbuild/freebsd-arm64":
      optional: true
    "@esbuild/freebsd-x64":
      optional: true
    "@esbuild/linux-arm":
      optional: true
    "@esbuild/linux-arm64":
      optional: true
    "@esbuild/linux-ia32":
      optional: true
    "@esbuild/linux-loong64":
      optional: true
    "@esbuild/linux-mips64el":
      optional: true
    "@esbuild/linux-ppc64":
      optional: true
    "@esbuild/linux-riscv64":
      optional: true
    "@esbuild/linux-s390x":
      optional: true
    "@esbuild/linux-x64":
      optional: true
    "@esbuild/netbsd-arm64":
      optional: true
    "@esbuild/netbsd-x64":
      optional: true
    "@esbuild/openbsd-arm64":
      optional: true
    "@esbuild/openbsd-x64":
      optional: true
    "@esbuild/openharmony-arm64":
      optional: true
    "@esbuild/sunos-x64":
      optional: true
    "@esbuild/win32-arm64":
      optional: true
    "@esbuild/win32-ia32":
      optional: true
    "@esbuild/win32-x64":
      optional: true
  bin:
    esbuild: bin/esbuild
  checksum: 10c0/c205357531423220a9de8e1e6c6514242bc9b1666e762cd67ccdf8fdfdc3f1d0bd76f8d9383958b97ad4c953efdb7b6e8c1f9ca5951cd2b7c5235e8755b34a6b
  languageName: node
  linkType: hard

"spark-md5@npm:^3.0.1":
  version: 3.0.2
  resolution: "spark-md5@npm:3.0.2"
  checksum: 10c0/3fd11735eac5e7d60d6006d99ac0a055f148a89e9baf5f0b51ac103022dec30556b44190b37f6737ca50f81e8e50dc13e724f9edf6290c412ff5ab2101ce7780
  languageName: node
  linkType: hard
